dependencies:
- name: redis
  repository: https://kubernetes-charts.storage.googleapis.com/
  version: 3.0.1
- name: minio
  repository: https://kubernetes-charts.storage.googleapis.com/
  version: 1.1.1
- name: jenkins
  repository: https://kubernetes-charts.storage.googleapis.com/
  version: 0.14.4
digest: sha256:4245fc70bb6cdc9d26e66583b069ab9296e80cea44a86380122baf51d8b75d14
generated: 2018-04-17T20:50:39.12306128-04:00
